<?xml version="1.0" encoding="utf-8"?>
<Project ToolsVersion="15.0" xmlns="http://schemas.microsoft.com/developer/msbuild/2003">
  <ItemGroup>
    <ClCompile Include="..\modules\ssl\mod_ssl.c">
      <Filter>Source Files</Filter>
    </ClCompile>
    <ClCompile Include="..\modules\ssl\ssl_engine_config.c">
      <Filter>Source Files</Filter>
    </ClCompile>
    <ClCompile Include="..\modules\ssl\ssl_engine_init.c">
      <Filter>Source Files</Filter>
    </ClCompile>
    <ClCompile Include="..\modules\ssl\ssl_engine_io.c">
      <Filter>Source Files</Filter>
    </ClCompile>
    <ClCompile Include="..\modules\ssl\ssl_engine_kernel.c">
      <Filter>Source Files</Filter>
    </ClCompile>
    <ClCompile Include="..\modules\ssl\ssl_engine_log.c">
      <Filter>Source Files</Filter>
    </ClCompile>
    <ClCompile Include="..\modules\ssl\ssl_engine_mutex.c">
      <Filter>Source Files</Filter>
    </ClCompile>
    <ClCompile Include="..\modules\ssl\ssl_engine_ocsp.c">
      <Filter>Source Files</Filter>
    </ClCompile>
    <ClCompile Include="..\modules\ssl\ssl_engine_pphrase.c">
      <Filter>Source Files</Filter>
    </ClCompile>
    <ClCompile Include="..\modules\ssl\ssl_engine_rand.c">
      <Filter>Source Files</Filter>
    </ClCompile>
    <ClCompile Include="..\modules\ssl\ssl_engine_vars.c">
      <Filter>Source Files</Filter>
    </ClCompile>
    <ClCompile Include="..\modules\ssl\ssl_scache.c">
      <Filter>Source Files</Filter>
    </ClCompile>
    <ClCompile Include="..\modules\ssl\ssl_util.c">
      <Filter>Source Files</Filter>
    </ClCompile>
    <ClCompile Include="..\modules\ssl\ssl_util_ocsp.c">
      <Filter>Source Files</Filter>
    </ClCompile>
    <ClCompile Include="..\modules\ssl\ssl_util_ssl.c">
      <Filter>Source Files</Filter>
    </ClCompile>
    <ClCompile Include="..\modules\ssl\ssl_util_stapling.c">
      <Filter>Source Files</Filter>
    </ClCompile>
  </ItemGroup>
  <ItemGroup>
    <ResourceCompile Include="..\build\win32\httpd.rc">
      <Filter>Source Files</Filter>
    </ResourceCompile>
  </ItemGroup>
  <ItemGroup>
    <Filter Include="Source Files">
      <UniqueIdentifier>{5DED7A3C-6C93-3668-B9C2-5A23886FE241}</UniqueIdentifier>
    </Filter>
  </ItemGroup>
</Project>